
Microsoft Visual Studio Solution File, Format Version 12.00
# Visual Studio Version 17
VisualStudioVersion = 17.7.34024.191
MinimumVisualStudioVersion = 10.0.40219.1
Project("{8BC9CEB8-8B4A-11D0-8D11-00A0C91BC942}") = "rekursia2", "rekursia2\rekursia2.vcxproj", "{17F6278E-0E2F-46D6-9B43-BB4EDA2FC7D8}"
EndProject
Global
	GlobalSection(SolutionConfigurationPlatforms) = preSolution
		Debug|x64 = Debug|x64
		Debug|x86 = Debug|x86
		Release|x64 = Release|x64
		Release|x86 = Release|x86
	EndGlobalSection
	GlobalSection(ProjectConfigurationPlatforms) = postSolution
		{17F6278E-0E2F-46D6-9B43-BB4EDA2FC7D8}.Debug|x64.ActiveCfg = Debug|x64
		{17F6278E-0E2F-46D6-9B43-BB4EDA2FC7D8}.Debug|x64.Build.0 = Debug|x64
		{17F6278E-0E2F-46D6-9B43-BB4EDA2FC7D8}.Debug|x86.ActiveCfg = Debug|Win32
		{17F6278E-0E2F-46D6-9B43-BB4EDA2FC7D8}.Debug|x86.Build.0 = Debug|Win32
		{17F6278E-0E2F-46D6-9B43-BB4EDA2FC7D8}.Release|x64.ActiveCfg = Release|x64
		{17F6278E-0E2F-46D6-9B43-BB4EDA2FC7D8}.Release|x64.Build.0 = Release|x64
		{17F6278E-0E2F-46D6-9B43-BB4EDA2FC7D8}.Release|x86.ActiveCfg = Release|Win32
		{17F6278E-0E2F-46D6-9B43-BB4EDA2FC7D8}.Release|x86.Build.0 = Release|Win32
	EndGlobalSection
	GlobalSection(SolutionProperties) = preSolution
		HideSolutionNode = FALSE
	EndGlobalSection
	GlobalSection(ExtensibilityGlobals) = postSolution
		SolutionGuid = {11A4E255-AD4D-480E-9EDE-02E0AED88A54}
	EndGlobalSection
EndGlobal
